
Microsoft Visual Studio Solution File, Format Version 12.00
# Visual Studio Version 17
VisualStudioVersion = 17.5.002.0
MinimumVisualStudioVersion = 10.0.40219.1
Project("{9A19103F-16F7-4668-BE54-9A1E7A4F7556}") = "todo-app-api", "todo-app-api.csproj", "{DF0978B9-DAC1-425A-8836-4222BCD6F73F}"
EndProject
Global
	GlobalSection(SolutionConfigurationPlatforms) = preSolution
		Debug|Any CPU = Debug|Any CPU
		Release|Any CPU = Release|Any CPU
	EndGlobalSection
	GlobalSection(ProjectConfigurationPlatforms) = postSolution
		{DF0978B9-DAC1-425A-8836-4222BCD6F73F}.Debug|Any CPU.ActiveCfg = Debug|Any CPU
		{DF0978B9-DAC1-425A-8836-4222BCD6F73F}.Debug|Any CPU.Build.0 = Debug|Any CPU
		{DF0978B9-DAC1-425A-8836-4222BCD6F73F}.Release|Any CPU.ActiveCfg = Release|Any CPU
		{DF0978B9-DAC1-425A-8836-4222BCD6F73F}.Release|Any CPU.Build.0 = Release|Any CPU
	EndGlobalSection
	GlobalSection(SolutionProperties) = preSolution
		HideSolutionNode = FALSE
	EndGlobalSection
	GlobalSection(ExtensibilityGlobals) = postSolution
		SolutionGuid = {B706D32B-CD28-4B32-AD63-E7377F334F6F}
	EndGlobalSection
EndGlobal
